// !$*UTF8*$!
{
	archiveVersion = 1;
	classes = {
	};
	objectVersion = 46;
	objects = {

/* Begin PBXBuildFile section */
		0E00AA301A919B6D00EE246D /* TTLogInViewController.m in Sources */ = {isa = PBXBuildFile; fileRef = 0E00AA2F1A919B6D00EE246D /* TTLogInViewController.m */; };
		0E00AA331A91AF2F00EE246D /* TTFindFriendsViewController.m in Sources */ = {isa = PBXBuildFile; fileRef = 0E00AA321A91AF2F00EE246D /* TTFindFriendsViewController.m */; };
		0E0565201A9DBEFB00242137 /* TTSettings.m in Sources */ = {isa = PBXBuildFile; fileRef = 0E05651F1A9DBEFB00242137 /* TTSettings.m */; };
		0E0565231A9DEAD500242137 /* TTMessagesViewController.m in Sources */ = {isa = PBXBuildFile; fileRef = 0E0565221A9DEAD500242137 /* TTMessagesViewController.m */; };
		0E0F657E1A8C0645003CB363 /* TTRootViewController.m in Sources */ = {isa = PBXBuildFile; fileRef = 0E0F657D1A8C0645003CB363 /* TTRootViewController.m */; };
		0E61D46B1AA5B08D00EF5826 /* TTInAppNotificationDesign.json in Resources */ = {isa = PBXBuildFile; fileRef = 0E61D46A1AA5B08D00EF5826 /* TTInAppNotificationDesign.json */; };
		0E61D4701AAC48C800EF5826 /* TTMessagesViewControllerTests.m in Sources */ = {isa = PBXBuildFile; fileRef = 0E61D46F1AAC48C800EF5826 /* TTMessagesViewControllerTests.m */; };
		0E68055F1A85306F00C013D2 /* TTConstants.m in Sources */ = {isa = PBXBuildFile; fileRef = 0E68055E1A85306F00C013D2 /* TTConstants.m */; };
		0E6AFF721AB4C99500FC69A9 /* TTUserPrivateData.m in Sources */ = {isa = PBXBuildFile; fileRef = 0E6AFF711AB4C99500FC69A9 /* TTUserPrivateData.m */; };
		0E6AFF781AB66DFF00FC69A9 /* Reachability.m in Sources */ = {isa = PBXBuildFile; fileRef = 0E6AFF771AB66DFF00FC69A9 /* Reachability.m */; };
		0E6AFF7A1AB7F18A00FC69A9 /* TTTicTests.m in Sources */ = {isa = PBXBuildFile; fileRef = 0E6AFF791AB7F18A00FC69A9 /* TTTicTests.m */; };
		0E6AFF7C1AB7FAAC00FC69A9 /* TTActivityTests.m in Sources */ = {isa = PBXBuildFile; fileRef = 0E6AFF7B1AB7FAAC00FC69A9 /* TTActivityTests.m */; };
		0EA9482D1AA3CF0E00476D4E /* TTMessagesBubbleImage.m in Sources */ = {isa = PBXBuildFile; fileRef = 0EA9482C1AA3CF0E00476D4E /* TTMessagesBubbleImage.m */; };
		0EACA86A1A97CDC100B93AAA /* TTConversationsViewController.m in Sources */ = {isa = PBXBuildFile; fileRef = 0EACA8691A97CDC100B93AAA /* TTConversationsViewController.m */; };
		0EACA86D1A97CDDD00B93AAA /* TTContactsViewController.m in Sources */ = {isa = PBXBuildFile; fileRef = 0EACA86C1A97CDDD00B93AAA /* TTContactsViewController.m */; };
		0EACA8701A97CDEE00B93AAA /* TTProfileViewController.m in Sources */ = {isa = PBXBuildFile; fileRef = 0EACA86F1A97CDEE00B93AAA /* TTProfileViewController.m */; };
		0EACA8731A97CE0D00B93AAA /* TTSettingsViewController.m in Sources */ = {isa = PBXBuildFile; fileRef = 0EACA8721A97CE0D00B93AAA /* TTSettingsViewController.m */; };
		0EACA8781A99CB8800B93AAA /* TTActivity.m in Sources */ = {isa = PBXBuildFile; fileRef = 0EACA8751A99CB8800B93AAA /* TTActivity.m */; };
		0EACA8791A99CB8800B93AAA /* TTTic.m in Sources */ = {isa = PBXBuildFile; fileRef = 0EACA8771A99CB8800B93AAA /* TTTic.m */; };
		0EC584E81A7864AA00025D71 /* main.m in Sources */ = {isa = PBXBuildFile; fileRef = 0EC584E71A7864AA00025D71 /* main.m */; };
		0EC584EB1A7864AA00025D71 /* AppDelegate.m in Sources */ = {isa = PBXBuildFile; fileRef = 0EC584EA1A7864AA00025D71 /* AppDelegate.m */; };
		0EC584F31A7864AA00025D71 /* Images.xcassets in Resources */ = {isa = PBXBuildFile; fileRef = 0EC584F21A7864AA00025D71 /* Images.xcassets */; };
		0EC584F61A7864AA00025D71 /* LaunchScreen.xib in Resources */ = {isa = PBXBuildFile; fileRef = 0EC584F41A7864AA00025D71 /* LaunchScreen.xib */; };
		2E402A171A96FE8900C1C7BF /* TTFindFriendsTableViewCell.m in Sources */ = {isa = PBXBuildFile; fileRef = 2E402A161A96FE8900C1C7BF /* TTFindFriendsTableViewCell.m */; };
		2ED84A9C1A9D630B008C0EA5 /* TTFindFriendsViewControllerTests.m in Sources */ = {isa = PBXBuildFile; fileRef = 2ED84A9B1A9D630B008C0EA5 /* TTFindFriendsViewControllerTests.m */; };
		2EDE551D1ADCDD400048FB0C /* TTContactTableViewCell.m in Sources */ = {isa = PBXBuildFile; fileRef = 2EDE551C1ADCDD400048FB0C /* TTContactTableViewCell.m */; };
		2EEEC7991AA93CF300391486 /* MessageUI.framework in Frameworks */ = {isa = PBXBuildFile; fileRef = 2EEEC7981AA93CF300391486 /* MessageUI.framework */; };
		4C0094CD1B6ED14DA0956A8F /* libPods-TicText.a in Frameworks */ = {isa = PBXBuildFile; fileRef = E62ADB5018418278F1D7F35F /* libPods-TicText.a */; };
		9B6B74E026B95CE6BCD5D096 /* libPods-TicTextTests.a in Frameworks */ = {isa = PBXBuildFile; fileRef = 69277B8B304B0700036D8EE7 /* libPods-TicTextTests.a */; };
		CD1330D81AB7AA4600F59523 /* TTExpirationDomainTests.swift in Sources */ = {isa = PBXBuildFile; fileRef = CD1330D71AB7AA4600F59523 /* TTExpirationDomainTests.swift */; };
		CD1330DE1AB7CA7800F59523 /* TTExpirationPickerControllerTests.swift in Sources */ = {isa = PBXBuildFile; fileRef = CD1330DD1AB7CA7800F59523 /* TTExpirationPickerControllerTests.swift */; };
		CD2CD4FF1AB634D300CFC89F /* TTExpirationPickerController.m in Sources */ = {isa = PBXBuildFile; fileRef = CD2CD4FE1AB634D300CFC89F /* TTExpirationPickerController.m */; };
		CD44335C1AE42F33008828FE /* TTMessagesToolbarTests.swift in Sources */ = {isa = PBXBuildFile; fileRef = CD44335B1AE42F33008828FE /* TTMessagesToolbarTests.swift */; };
		CD44335E1AE42F40008828FE /* TTMessagesToolbarItemTests.swift in Sources */ = {isa = PBXBuildFile; fileRef = CD44335D1AE42F40008828FE /* TTMessagesToolbarItemTests.swift */; };
		CD4433601AE42F56008828FE /* TTTextToolbarItemTests.swift in Sources */ = {isa = PBXBuildFile; fileRef = CD44335F1AE42F56008828FE /* TTTextToolbarItemTests.swift */; };
		CD4433621AE42F63008828FE /* TTAnonymousToolbarItemTests.swift in Sources */ = {isa = PBXBuildFile; fileRef = CD4433611AE42F63008828FE /* TTAnonymousToolbarItemTests.swift */; };
		CD4433641AE42F6F008828FE /* TTExpirationToolbarItemTests.swift in Sources */ = {isa = PBXBuildFile; fileRef = CD4433631AE42F6F008828FE /* TTExpirationToolbarItemTests.swift */; };
		CD4433661AE434B4008828FE /* InstalledToolbarItems.plist in Resources */ = {isa = PBXBuildFile; fileRef = CD4433651AE434B4008828FE /* InstalledToolbarItems.plist */; };
		CD4748401AB770DA00A4B8F6 /* TTExpirationDomain.m in Sources */ = {isa = PBXBuildFile; fileRef = CD47483F1AB770DA00A4B8F6 /* TTExpirationDomain.m */; };
		CD4D57C21A96A5A6002B5586 /* TTSession.m in Sources */ = {isa = PBXBuildFile; fileRef = CD4D57C11A96A5A6002B5586 /* TTSession.m */; };
		CD4D57C51A96AED2002B5586 /* TTSessionTests.m in Sources */ = {isa = PBXBuildFile; fileRef = CD4D57C41A96AED2002B5586 /* TTSessionTests.m */; };
		CD4D57C81A96B740002B5586 /* TTUser.m in Sources */ = {isa = PBXBuildFile; fileRef = CD4D57C71A96B740002B5586 /* TTUser.m */; };
		CD4D57CC1A96B929002B5586 /* TTUserTests.m in Sources */ = {isa = PBXBuildFile; fileRef = CD4D57CB1A96B929002B5586 /* TTUserTests.m */; };
		CD4D57D31A96C97D002B5586 /* TTTestHelper.m in Sources */ = {isa = PBXBuildFile; fileRef = CD4D57D21A96C97D002B5586 /* TTTestHelper.m */; };
		CD4D57D61A96E9EE002B5586 /* TTLogInViewController.xib in Resources */ = {isa = PBXBuildFile; fileRef = CD4D57D51A96E9EE002B5586 /* TTLogInViewController.xib */; };
		CD8C0ABA1ADCA0F400EA9874 /* TTAnonymousToolbarItem.m in Sources */ = {isa = PBXBuildFile; fileRef = CD8C0AB91ADCA0F400EA9874 /* TTAnonymousToolbarItem.m */; };
		CD8C0ABD1ADCA12800EA9874 /* TTExpirationToolbarItem.m in Sources */ = {isa = PBXBuildFile; fileRef = CD8C0ABC1ADCA12800EA9874 /* TTExpirationToolbarItem.m */; };
		CD935B681A98E9FA0017325C /* TTUtility.m in Sources */ = {isa = PBXBuildFile; fileRef = CD935B671A98E9FA0017325C /* TTUtility.m */; };
		CD935B6A1A98EA9A0017325C /* TTUtilityTests.m in Sources */ = {isa = PBXBuildFile; fileRef = CD935B691A98EA9A0017325C /* TTUtilityTests.m */; };
		CD935B6D1A98ED6F0017325C /* TTRootViewControllerTests.m in Sources */ = {isa = PBXBuildFile; fileRef = CD935B6C1A98ED6F0017325C /* TTRootViewControllerTests.m */; };
		CD9F92861AB8F552006FFE67 /* TTExpirationPickerCell.m in Sources */ = {isa = PBXBuildFile; fileRef = CD9F92851AB8F552006FFE67 /* TTExpirationPickerCell.m */; };
		CD9F92881AB91130006FFE67 /* TTExpirationUnitTests.swift in Sources */ = {isa = PBXBuildFile; fileRef = CD9F92871AB91130006FFE67 /* TTExpirationUnitTests.swift */; };
		CDB970841ADB572D0054079B /* UIView+Screenshot.m in Sources */ = {isa = PBXBuildFile; fileRef = CDB970831ADB572D0054079B /* UIView+Screenshot.m */; };
		CDB970881ADB60A80054079B /* TTMessagesToolbar.m in Sources */ = {isa = PBXBuildFile; fileRef = CDB970871ADB60A80054079B /* TTMessagesToolbar.m */; };
		CDB9708C1ADB6FFB0054079B /* TTMessagesToolbarItem.m in Sources */ = {isa = PBXBuildFile; fileRef = CDB9708B1ADB6FFB0054079B /* TTMessagesToolbarItem.m */; };
		CDB970901ADB78840054079B /* TTTextToolbarItem.m in Sources */ = {isa = PBXBuildFile; fileRef = CDB9708F1ADB78840054079B /* TTTextToolbarItem.m */; };
/* End PBXBuildFile section */

/* Begin PBXContainerItemProxy section */
		0EC584FC1A7864AA00025D71 /* PBXContainerItemProxy */ = {
			isa = PBXContainerItemProxy;
			containerPortal = 0EC584DA1A7864AA00025D71 /* Project object */;
			proxyType = 1;
			remoteGlobalIDString = 0EC584E11A7864AA00025D71;
			remoteInfo = TicText;
		};
/* End PBXContainerItemProxy section */

/* Begin PBXFileReference section */
		0E00AA2E1A919B6D00EE246D /* TTLogInViewController.h */ = {isa = PBXFileReference; fileEncoding = 4; lastKnownFileType = sourcecode.c.h; path = TTLogInViewController.h; sourceTree = "<group>"; };
		0E00AA2F1A919B6D00EE246D /* TTLogInViewController.m */ = {isa = PBXFileReference; fileEncoding = 4; lastKnownFileType = sourcecode.c.objc; path = TTLogInViewController.m; sourceTree = "<group>"; };
		0E00AA311A91AF2F00EE246D /* TTFindFriendsViewController.h */ = {isa = PBXFileReference; fileEncoding = 4; lastKnownFileType = sourcecode.c.h; path = TTFindFriendsViewController.h; sourceTree = "<group>"; };
		0E00AA321A91AF2F00EE246D /* TTFindFriendsViewController.m */ = {isa = PBXFileReference; fileEncoding = 4; lastKnownFileType = sourcecode.c.objc; path = TTFindFriendsViewController.m; sourceTree = "<group>"; };
		0E05651E1A9DBEFB00242137 /* TTSettings.h */ = {isa = PBXFileReference; fileEncoding = 4; lastKnownFileType = sourcecode.c.h; path = TTSettings.h; sourceTree = "<group>"; };
		0E05651F1A9DBEFB00242137 /* TTSettings.m */ = {isa = PBXFileReference; fileEncoding = 4; lastKnownFileType = sourcecode.c.objc; path = TTSettings.m; sourceTree = "<group>"; };
		0E0565211A9DEAD500242137 /* TTMessagesViewController.h */ = {isa = PBXFileReference; fileEncoding = 4; lastKnownFileType = sourcecode.c.h; path = TTMessagesViewController.h; sourceTree = "<group>"; };
		0E0565221A9DEAD500242137 /* TTMessagesViewController.m */ = {isa = PBXFileReference; fileEncoding = 4; lastKnownFileType = sourcecode.c.objc; path = TTMessagesViewController.m; sourceTree = "<group>"; };
		0E0F657C1A8C0645003CB363 /* TTRootViewController.h */ = {isa = PBXFileReference; fileEncoding = 4; lastKnownFileType = sourcecode.c.h; path = TTRootViewController.h; sourceTree = "<group>"; };
		0E0F657D1A8C0645003CB363 /* TTRootViewController.m */ = {isa = PBXFileReference; fileEncoding = 4; lastKnownFileType = sourcecode.c.objc; path = TTRootViewController.m; sourceTree = "<group>"; };
		0E61D46A1AA5B08D00EF5826 /* TTInAppNotificationDesign.json */ = {isa = PBXFileReference; fileEncoding = 4; lastKnownFileType = text.json; path = TTInAppNotificationDesign.json; sourceTree = "<group>"; };
		0E61D46F1AAC48C800EF5826 /* TTMessagesViewControllerTests.m */ = {isa = PBXFileReference; fileEncoding = 4; lastKnownFileType = sourcecode.c.objc; path = TTMessagesViewControllerTests.m; sourceTree = "<group>"; };
		0E68055D1A846A0000C013D2 /* TTConstants.h */ = {isa = PBXFileReference; fileEncoding = 4; lastKnownFileType = sourcecode.c.h; path = TTConstants.h; sourceTree = "<group>"; };
		0E68055E1A85306F00C013D2 /* TTConstants.m */ = {isa = PBXFileReference; fileEncoding = 4; lastKnownFileType = sourcecode.c.objc; path = TTConstants.m; sourceTree = "<group>"; };
		0E6AFF701AB4C99500FC69A9 /* TTUserPrivateData.h */ = {isa = PBXFileReference; fileEncoding = 4; lastKnownFileType = sourcecode.c.h; path = TTUserPrivateData.h; sourceTree = "<group>"; };
		0E6AFF711AB4C99500FC69A9 /* TTUserPrivateData.m */ = {isa = PBXFileReference; fileEncoding = 4; lastKnownFileType = sourcecode.c.objc; path = TTUserPrivateData.m; sourceTree = "<group>"; };
		0E6AFF761AB66DFF00FC69A9 /* Reachability.h */ = {isa = PBXFileReference; fileEncoding = 4; lastKnownFileType = sourcecode.c.h; path = Reachability.h; sourceTree = "<group>"; };
		0E6AFF771AB66DFF00FC69A9 /* Reachability.m */ = {isa = PBXFileReference; fileEncoding = 4; lastKnownFileType = sourcecode.c.objc; path = Reachability.m; sourceTree = "<group>"; };
		0E6AFF791AB7F18A00FC69A9 /* TTTicTests.m */ = {isa = PBXFileReference; fileEncoding = 4; lastKnownFileType = sourcecode.c.objc; path = TTTicTests.m; sourceTree = "<group>"; };
		0E6AFF7B1AB7FAAC00FC69A9 /* TTActivityTests.m */ = {isa = PBXFileReference; fileEncoding = 4; lastKnownFileType = sourcecode.c.objc; path = TTActivityTests.m; sourceTree = "<group>"; };
		0EA9482B1AA3CF0E00476D4E /* TTMessagesBubbleImage.h */ = {isa = PBXFileReference; fileEncoding = 4; lastKnownFileType = sourcecode.c.h; path = TTMessagesBubbleImage.h; sourceTree = "<group>"; };
		0EA9482C1AA3CF0E00476D4E /* TTMessagesBubbleImage.m */ = {isa = PBXFileReference; fileEncoding = 4; lastKnownFileType = sourcecode.c.objc; path = TTMessagesBubbleImage.m; sourceTree = "<group>"; };
		0EACA8681A97CDC100B93AAA /* TTConversationsViewController.h */ = {isa = PBXFileReference; fileEncoding = 4; lastKnownFileType = sourcecode.c.h; path = TTConversationsViewController.h; sourceTree = "<group>"; };
		0EACA8691A97CDC100B93AAA /* TTConversationsViewController.m */ = {isa = PBXFileReference; fileEncoding = 4; lastKnownFileType = sourcecode.c.objc; path = TTConversationsViewController.m; sourceTree = "<group>"; };
		0EACA86B1A97CDDD00B93AAA /* TTContactsViewController.h */ = {isa = PBXFileReference; fileEncoding = 4; lastKnownFileType = sourcecode.c.h; path = TTContactsViewController.h; sourceTree = "<group>"; };
		0EACA86C1A97CDDD00B93AAA /* TTContactsViewController.m */ = {isa = PBXFileReference; fileEncoding = 4; lastKnownFileType = sourcecode.c.objc; path = TTContactsViewController.m; sourceTree = "<group>"; };
		0EACA86E1A97CDEE00B93AAA /* TTProfileViewController.h */ = {isa = PBXFileReference; fileEncoding = 4; lastKnownFileType = sourcecode.c.h; path = TTProfileViewController.h; sourceTree = "<group>"; };
		0EACA86F1A97CDEE00B93AAA /* TTProfileViewController.m */ = {isa = PBXFileReference; fileEncoding = 4; lastKnownFileType = sourcecode.c.objc; path = TTProfileViewController.m; sourceTree = "<group>"; };
		0EACA8711A97CE0D00B93AAA /* TTSettingsViewController.h */ = {isa = PBXFileReference; fileEncoding = 4; lastKnownFileType = sourcecode.c.h; path = TTSettingsViewController.h; sourceTree = "<group>"; };
		0EACA8721A97CE0D00B93AAA /* TTSettingsViewController.m */ = {isa = PBXFileReference; fileEncoding = 4; lastKnownFileType = sourcecode.c.objc; path = TTSettingsViewController.m; sourceTree = "<group>"; };
		0EACA8741A99CB8800B93AAA /* TTActivity.h */ = {isa = PBXFileReference; fileEncoding = 4; lastKnownFileType = sourcecode.c.h; path = TTActivity.h; sourceTree = "<group>"; };
		0EACA8751A99CB8800B93AAA /* TTActivity.m */ = {isa = PBXFileReference; fileEncoding = 4; lastKnownFileType = sourcecode.c.objc; path = TTActivity.m; sourceTree = "<group>"; };
		0EACA8761A99CB8800B93AAA /* TTTic.h */ = {isa = PBXFileReference; fileEncoding = 4; lastKnownFileType = sourcecode.c.h; path = TTTic.h; sourceTree = "<group>"; };
		0EACA8771A99CB8800B93AAA /* TTTic.m */ = {isa = PBXFileReference; fileEncoding = 4; lastKnownFileType = sourcecode.c.objc; path = TTTic.m; sourceTree = "<group>"; };
		0EC584E21A7864AA00025D71 /* TicText.app */ = {isa = PBXFileReference; explicitFileType = wrapper.application; includeInIndex = 0; path = TicText.app; sourceTree = BUILT_PRODUCTS_DIR; };
		0EC584E61A7864AA00025D71 /* Info.plist */ = {isa = PBXFileReference; lastKnownFileType = text.plist.xml; path = Info.plist; sourceTree = "<group>"; };
		0EC584E71A7864AA00025D71 /* main.m */ = {isa = PBXFileReference; lastKnownFileType = sourcecode.c.objc; path = main.m; sourceTree = "<group>"; };
		0EC584E91A7864AA00025D71 /* AppDelegate.h */ = {isa = PBXFileReference; lastKnownFileType = sourcecode.c.h; path = AppDelegate.h; sourceTree = "<group>"; };
		0EC584EA1A7864AA00025D71 /* AppDelegate.m */ = {isa = PBXFileReference; lastKnownFileType = sourcecode.c.objc; path = AppDelegate.m; sourceTree = "<group>"; };
		0EC584F21A7864AA00025D71 /* Images.xcassets */ = {isa = PBXFileReference; lastKnownFileType = folder.assetcatalog; path = Images.xcassets; sourceTree = "<group>"; };
		0EC584F51A7864AA00025D71 /* Base */ = {isa = PBXFileReference; lastKnownFileType = file.xib; name = Base; path = Base.lproj/LaunchScreen.xib; sourceTree = "<group>"; };
		0EC584FB1A7864AA00025D71 /* TicTextTests.xctest */ = {isa = PBXFileReference; explicitFileType = wrapper.cfbundle; includeInIndex = 0; path = TicTextTests.xctest; sourceTree = BUILT_PRODUCTS_DIR; };
		0EC585001A7864AA00025D71 /* Info.plist */ = {isa = PBXFileReference; lastKnownFileType = text.plist.xml; path = Info.plist; sourceTree = "<group>"; };
		2E402A151A96FE8900C1C7BF /* TTFindFriendsTableViewCell.h */ = {isa = PBXFileReference; fileEncoding = 4; lastKnownFileType = sourcecode.c.h; path = TTFindFriendsTableViewCell.h; sourceTree = "<group>"; };
		2E402A161A96FE8900C1C7BF /* TTFindFriendsTableViewCell.m */ = {isa = PBXFileReference; fileEncoding = 4; lastKnownFileType = sourcecode.c.objc; path = TTFindFriendsTableViewCell.m; sourceTree = "<group>"; };
		2ED84A9B1A9D630B008C0EA5 /* TTFindFriendsViewControllerTests.m */ = {isa = PBXFileReference; fileEncoding = 4; lastKnownFileType = sourcecode.c.objc; path = TTFindFriendsViewControllerTests.m; sourceTree = "<group>"; };
		2EDE551B1ADCDD400048FB0C /* TTContactTableViewCell.h */ = {isa = PBXFileReference; fileEncoding = 4; lastKnownFileType = sourcecode.c.h; path = TTContactTableViewCell.h; sourceTree = "<group>"; };
		2EDE551C1ADCDD400048FB0C /* TTContactTableViewCell.m */ = {isa = PBXFileReference; fileEncoding = 4; lastKnownFileType = sourcecode.c.objc; path = TTContactTableViewCell.m; sourceTree = "<group>"; };
		2EEEC7981AA93CF300391486 /* MessageUI.framework */ = {isa = PBXFileReference; lastKnownFileType = wrapper.framework; name = MessageUI.framework; path = System/Library/Frameworks/MessageUI.framework; sourceTree = SDKROOT; };
		53758F76DA4076374F5E76FF /* Pods-TicText.release.xcconfig */ = {isa = PBXFileReference; includeInIndex = 1; lastKnownFileType = text.xcconfig; name = "Pods-TicText.release.xcconfig"; path = "Pods/Target Support Files/Pods-TicText/Pods-TicText.release.xcconfig"; sourceTree = "<group>"; };
		579798160077DEF631AAECA1 /* Pods-TicTextTests.debug.xcconfig */ = {isa = PBXFileReference; includeInIndex = 1; lastKnownFileType = text.xcconfig; name = "Pods-TicTextTests.debug.xcconfig"; path = "Pods/Target Support Files/Pods-TicTextTests/Pods-TicTextTests.debug.xcconfig"; sourceTree = "<group>"; };
		62D5B3A2D5FD007BC1313C3B /* Pods-TicText.debug.xcconfig */ = {isa = PBXFileReference; includeInIndex = 1; lastKnownFileType = text.xcconfig; name = "Pods-TicText.debug.xcconfig"; path = "Pods/Target Support Files/Pods-TicText/Pods-TicText.debug.xcconfig"; sourceTree = "<group>"; };
		65E0D8574E683EDF0172C6F3 /* Pods-TicTextTests.release.xcconfig */ = {isa = PBXFileReference; includeInIndex = 1; lastKnownFileType = text.xcconfig; name = "Pods-TicTextTests.release.xcconfig"; path = "Pods/Target Support Files/Pods-TicTextTests/Pods-TicTextTests.release.xcconfig"; sourceTree = "<group>"; };
		69277B8B304B0700036D8EE7 /* libPods-TicTextTests.a */ = {isa = PBXFileReference; explicitFileType = archive.ar; includeInIndex = 0; path = "libPods-TicTextTests.a"; sourceTree = BUILT_PRODUCTS_DIR; };
		CD1330D61AB7AA4500F59523 /* TicTextTests-Bridging-Header.h */ = {isa = PBXFileReference; lastKnownFileType = sourcecode.c.h; path = "TicTextTests-Bridging-Header.h"; sourceTree = "<group>"; };
		CD1330D71AB7AA4600F59523 /* TTExpirationDomainTests.swift */ = {isa = PBXFileReference; fileEncoding = 4; lastKnownFileType = sourcecode.swift; path = TTExpirationDomainTests.swift; sourceTree = "<group>"; };
		CD1330DD1AB7CA7800F59523 /* TTExpirationPickerControllerTests.swift */ = {isa = PBXFileReference; fileEncoding = 4; lastKnownFileType = sourcecode.swift; path = TTExpirationPickerControllerTests.swift; sourceTree = "<group>"; };
		CD2CD4FD1AB634D300CFC89F /* TTExpirationPickerController.h */ = {isa = PBXFileReference; fileEncoding = 4; lastKnownFileType = sourcecode.c.h; path = TTExpirationPickerController.h; sourceTree = "<group>"; };
		CD2CD4FE1AB634D300CFC89F /* TTExpirationPickerController.m */ = {isa = PBXFileReference; fileEncoding = 4; lastKnownFileType = sourcecode.c.objc; path = TTExpirationPickerController.m; sourceTree = "<group>"; };
		CD44335B1AE42F33008828FE /* TTMessagesToolbarTests.swift */ = {isa = PBXFileReference; fileEncoding = 4; lastKnownFileType = sourcecode.swift; path = TTMessagesToolbarTests.swift; sourceTree = "<group>"; };
		CD44335D1AE42F40008828FE /* TTMessagesToolbarItemTests.swift */ = {isa = PBXFileReference; fileEncoding = 4; lastKnownFileType = sourcecode.swift; path = TTMessagesToolbarItemTests.swift; sourceTree = "<group>"; };
		CD44335F1AE42F56008828FE /* TTTextToolbarItemTests.swift */ = {isa = PBXFileReference; fileEncoding = 4; lastKnownFileType = sourcecode.swift; path = TTTextToolbarItemTests.swift; sourceTree = "<group>"; };
		CD4433611AE42F63008828FE /* TTAnonymousToolbarItemTests.swift */ = {isa = PBXFileReference; fileEncoding = 4; lastKnownFileType = sourcecode.swift; path = TTAnonymousToolbarItemTests.swift; sourceTree = "<group>"; };
		CD4433631AE42F6F008828FE /* TTExpirationToolbarItemTests.swift */ = {isa = PBXFileReference; fileEncoding = 4; lastKnownFileType = sourcecode.swift; path = TTExpirationToolbarItemTests.swift; sourceTree = "<group>"; };
		CD4433651AE434B4008828FE /* InstalledToolbarItems.plist */ = {isa = PBXFileReference; fileEncoding = 4; lastKnownFileType = text.plist.xml; path = InstalledToolbarItems.plist; sourceTree = "<group>"; };
		CD47483E1AB770DA00A4B8F6 /* TTExpirationDomain.h */ = {isa = PBXFileReference; fileEncoding = 4; lastKnownFileType = sourcecode.c.h; path = TTExpirationDomain.h; sourceTree = "<group>"; };
		CD47483F1AB770DA00A4B8F6 /* TTExpirationDomain.m */ = {isa = PBXFileReference; fileEncoding = 4; lastKnownFileType = sourcecode.c.objc; path = TTExpirationDomain.m; sourceTree = "<group>"; };
		CD4D57C01A96A5A6002B5586 /* TTSession.h */ = {isa = PBXFileReference; fileEncoding = 4; lastKnownFileType = sourcecode.c.h; path = TTSession.h; sourceTree = "<group>"; };
		CD4D57C11A96A5A6002B5586 /* TTSession.m */ = {isa = PBXFileReference; fileEncoding = 4; lastKnownFileType = sourcecode.c.objc; path = TTSession.m; sourceTree = "<group>"; };
		CD4D57C41A96AED2002B5586 /* TTSessionTests.m */ = {isa = PBXFileReference; fileEncoding = 4; lastKnownFileType = sourcecode.c.objc; path = TTSessionTests.m; sourceTree = "<group>"; };
		CD4D57C61A96B740002B5586 /* TTUser.h */ = {isa = PBXFileReference; fileEncoding = 4; lastKnownFileType = sourcecode.c.h; path = TTUser.h; sourceTree = "<group>"; };
		CD4D57C71A96B740002B5586 /* TTUser.m */ = {isa = PBXFileReference; fileEncoding = 4; lastKnownFileType = sourcecode.c.objc; path = TTUser.m; sourceTree = "<group>"; };
		CD4D57CB1A96B929002B5586 /* TTUserTests.m */ = {isa = PBXFileReference; fileEncoding = 4; lastKnownFileType = sourcecode.c.objc; path = TTUserTests.m; sourceTree = "<group>"; };
		CD4D57CF1A96BDBB002B5586 /* TicText-Prefix.pch */ = {isa = PBXFileReference; lastKnownFileType = sourcecode.c.h; path = "TicText-Prefix.pch"; sourceTree = "<group>"; };
		CD4D57D11A96C97D002B5586 /* TTTestHelper.h */ = {isa = PBXFileReference; fileEncoding = 4; lastKnownFileType = sourcecode.c.h; path = TTTestHelper.h; sourceTree = "<group>"; };
		CD4D57D21A96C97D002B5586 /* TTTestHelper.m */ = {isa = PBXFileReference; fileEncoding = 4; lastKnownFileType = sourcecode.c.objc; path = TTTestHelper.m; sourceTree = "<group>"; };
		CD4D57D51A96E9EE002B5586 /* TTLogInViewController.xib */ = {isa = PBXFileReference; fileEncoding = 4; lastKnownFileType = file.xib; path = TTLogInViewController.xib; sourceTree = "<group>"; };
		CD8C0AB81ADCA0F400EA9874 /* TTAnonymousToolbarItem.h */ = {isa = PBXFileReference; fileEncoding = 4; lastKnownFileType = sourcecode.c.h; path = TTAnonymousToolbarItem.h; sourceTree = "<group>"; };
		CD8C0AB91ADCA0F400EA9874 /* TTAnonymousToolbarItem.m */ = {isa = PBXFileReference; fileEncoding = 4; lastKnownFileType = sourcecode.c.objc; path = TTAnonymousToolbarItem.m; sourceTree = "<group>"; };
		CD8C0ABB1ADCA12800EA9874 /* TTExpirationToolbarItem.h */ = {isa = PBXFileReference; fileEncoding = 4; lastKnownFileType = sourcecode.c.h; path = TTExpirationToolbarItem.h; sourceTree = "<group>"; };
		CD8C0ABC1ADCA12800EA9874 /* TTExpirationToolbarItem.m */ = {isa = PBXFileReference; fileEncoding = 4; lastKnownFileType = sourcecode.c.objc; path = TTExpirationToolbarItem.m; sourceTree = "<group>"; };
		CD935B661A98E9FA0017325C /* TTUtility.h */ = {isa = PBXFileReference; fileEncoding = 4; lastKnownFileType = sourcecode.c.h; path = TTUtility.h; sourceTree = "<group>"; };
		CD935B671A98E9FA0017325C /* TTUtility.m */ = {isa = PBXFileReference; fileEncoding = 4; lastKnownFileType = sourcecode.c.objc; path = TTUtility.m; sourceTree = "<group>"; };
		CD935B691A98EA9A0017325C /* TTUtilityTests.m */ = {isa = PBXFileReference; fileEncoding = 4; lastKnownFileType = sourcecode.c.objc; path = TTUtilityTests.m; sourceTree = "<group>"; };
		CD935B6C1A98ED6F0017325C /* TTRootViewControllerTests.m */ = {isa = PBXFileReference; fileEncoding = 4; lastKnownFileType = sourcecode.c.objc; path = TTRootViewControllerTests.m; sourceTree = "<group>"; };
		CD9F92841AB8F552006FFE67 /* TTExpirationPickerCell.h */ = {isa = PBXFileReference; fileEncoding = 4; lastKnownFileType = sourcecode.c.h; path = TTExpirationPickerCell.h; sourceTree = "<group>"; };
		CD9F92851AB8F552006FFE67 /* TTExpirationPickerCell.m */ = {isa = PBXFileReference; fileEncoding = 4; lastKnownFileType = sourcecode.c.objc; path = TTExpirationPickerCell.m; sourceTree = "<group>"; };
		CD9F92871AB91130006FFE67 /* TTExpirationUnitTests.swift */ = {isa = PBXFileReference; fileEncoding = 4; lastKnownFileType = sourcecode.swift; path = TTExpirationUnitTests.swift; sourceTree = "<group>"; };
		CDB970821ADB572D0054079B /* UIView+Screenshot.h */ = {isa = PBXFileReference; fileEncoding = 4; lastKnownFileType = sourcecode.c.h; path = "UIView+Screenshot.h"; sourceTree = "<group>"; };
		CDB970831ADB572D0054079B /* UIView+Screenshot.m */ = {isa = PBXFileReference; fileEncoding = 4; lastKnownFileType = sourcecode.c.objc; path = "UIView+Screenshot.m"; sourceTree = "<group>"; };
		CDB970861ADB60A80054079B /* TTMessagesToolbar.h */ = {isa = PBXFileReference; fileEncoding = 4; lastKnownFileType = sourcecode.c.h; path = TTMessagesToolbar.h; sourceTree = "<group>"; };
		CDB970871ADB60A80054079B /* TTMessagesToolbar.m */ = {isa = PBXFileReference; fileEncoding = 4; lastKnownFileType = sourcecode.c.objc; path = TTMessagesToolbar.m; sourceTree = "<group>"; };
		CDB9708A1ADB6FFB0054079B /* TTMessagesToolbarItem.h */ = {isa = PBXFileReference; fileEncoding = 4; lastKnownFileType = sourcecode.c.h; path = TTMessagesToolbarItem.h; sourceTree = "<group>"; };
		CDB9708B1ADB6FFB0054079B /* TTMessagesToolbarItem.m */ = {isa = PBXFileReference; fileEncoding = 4; lastKnownFileType = sourcecode.c.objc; path = TTMessagesToolbarItem.m; sourceTree = "<group>"; };
		CDB9708E1ADB78840054079B /* TTTextToolbarItem.h */ = {isa = PBXFileReference; fileEncoding = 4; lastKnownFileType = sourcecode.c.h; path = TTTextToolbarItem.h; sourceTree = "<group>"; };
		CDB9708F1ADB78840054079B /* TTTextToolbarItem.m */ = {isa = PBXFileReference; fileEncoding = 4; lastKnownFileType = sourcecode.c.objc; path = TTTextToolbarItem.m; sourceTree = "<group>"; };
		E62ADB5018418278F1D7F35F /* libPods-TicText.a */ = {isa = PBXFileReference; explicitFileType = archive.ar; includeInIndex = 0; path = "libPods-TicText.a"; sourceTree = BUILT_PRODUCTS_DIR; };
/* End PBXFileReference section */

/* Begin PBXFrameworksBuildPhase section */
		0EC584DF1A7864AA00025D71 /* Frameworks */ = {
			isa = PBXFrameworksBuildPhase;
			buildActionMask = 2147483647;
			files = (
				2EEEC7991AA93CF300391486 /* MessageUI.framework in Frameworks */,
				4C0094CD1B6ED14DA0956A8F /* libPods-TicText.a in Frameworks */,
			);
			runOnlyForDeploymentPostprocessing = 0;
		};
		0EC584F81A7864AA00025D71 /* Frameworks */ = {
			isa = PBXFrameworksBuildPhase;
			buildActionMask = 2147483647;
			files = (
				9B6B74E026B95CE6BCD5D096 /* libPods-TicTextTests.a in Frameworks */,
			);
			runOnlyForDeploymentPostprocessing = 0;
		};
/* End PBXFrameworksBuildPhase section */

/* Begin PBXGroup section */
		0E923B9B1A87192200040522 /* Controllers */ = {
			isa = PBXGroup;
			children = (
				0E0F657C1A8C0645003CB363 /* TTRootViewController.h */,
				0E0F657D1A8C0645003CB363 /* TTRootViewController.m */,
				0E00AA2E1A919B6D00EE246D /* TTLogInViewController.h */,
				0E00AA2F1A919B6D00EE246D /* TTLogInViewController.m */,
				CD4D57D51A96E9EE002B5586 /* TTLogInViewController.xib */,
				0E00AA311A91AF2F00EE246D /* TTFindFriendsViewController.h */,
				0E00AA321A91AF2F00EE246D /* TTFindFriendsViewController.m */,
				0EACA8681A97CDC100B93AAA /* TTConversationsViewController.h */,
				0EACA8691A97CDC100B93AAA /* TTConversationsViewController.m */,
				0EACA86B1A97CDDD00B93AAA /* TTContactsViewController.h */,
				0EACA86C1A97CDDD00B93AAA /* TTContactsViewController.m */,
				0EACA86E1A97CDEE00B93AAA /* TTProfileViewController.h */,
				0EACA86F1A97CDEE00B93AAA /* TTProfileViewController.m */,
				0EACA8711A97CE0D00B93AAA /* TTSettingsViewController.h */,
				0EACA8721A97CE0D00B93AAA /* TTSettingsViewController.m */,
				0E0565211A9DEAD500242137 /* TTMessagesViewController.h */,
				0E0565221A9DEAD500242137 /* TTMessagesViewController.m */,
			);
			name = Controllers;
			sourceTree = "<group>";
		};
		0EC584D91A7864AA00025D71 = {
			isa = PBXGroup;
			children = (
				0EC584E41A7864AA00025D71 /* TicText */,
				0EC584FE1A7864AA00025D71 /* TicTextTests */,
				0EC584E31A7864AA00025D71 /* Products */,
				EF6A02DA18A27C3A07C3888B /* Pods */,
				16067E98762A8B5DB4FEBD0F /* Frameworks */,
			);
			sourceTree = "<group>";
		};
		0EC584E31A7864AA00025D71 /* Products */ = {
			isa = PBXGroup;
			children = (
				0EC584E21A7864AA00025D71 /* TicText.app */,
				0EC584FB1A7864AA00025D71 /* TicTextTests.xctest */,
			);
			name = Products;
			sourceTree = "<group>";
		};
		0EC584E41A7864AA00025D71 /* TicText */ = {
			isa = PBXGroup;
			children = (
				CD4D57D41A96E728002B5586 /* Domain */,
				CD4D57BF1A96A54B002B5586 /* Service */,
				CD4D57CA1A96B745002B5586 /* Models */,
				0E923B9B1A87192200040522 /* Controllers */,
				2E402A181A96FE8D00C1C7BF /* Custom UI */,
				0EC584E91A7864AA00025D71 /* AppDelegate.h */,
				0EC584EA1A7864AA00025D71 /* AppDelegate.m */,
				0EC584F21A7864AA00025D71 /* Images.xcassets */,
				0EC584F41A7864AA00025D71 /* LaunchScreen.xib */,
				0EC584E51A7864AA00025D71 /* Supporting Files */,
			);
			path = TicText;
			sourceTree = "<group>";
		};
		0EC584E51A7864AA00025D71 /* Supporting Files */ = {
			isa = PBXGroup;
			children = (
				0EC584E61A7864AA00025D71 /* Info.plist */,
				0EC584E71A7864AA00025D71 /* main.m */,
				CD4D57CF1A96BDBB002B5586 /* TicText-Prefix.pch */,
			);
			name = "Supporting Files";
			sourceTree = "<group>";
		};
		0EC584FE1A7864AA00025D71 /* TicTextTests */ = {
			isa = PBXGroup;
			children = (
				CD1330D91AB7AA5100F59523 /* Domain */,
				CD4D57D01A96C956002B5586 /* Helpers */,
				CD4D57CE1A96B93B002B5586 /* Service */,
				CD4D57CD1A96B936002B5586 /* Models */,
				CD935B6B1A98ED5E0017325C /* Controllers */,
				CD1330DC1AB7CA6700F59523 /* Custom UI */,
				0EC584FF1A7864AA00025D71 /* Supporting Files */,
				CD1330D61AB7AA4500F59523 /* TicTextTests-Bridging-Header.h */,
			);
			path = TicTextTests;
			sourceTree = "<group>";
		};
		0EC584FF1A7864AA00025D71 /* Supporting Files */ = {
			isa = PBXGroup;
			children = (
				0EC585001A7864AA00025D71 /* Info.plist */,
			);
			name = "Supporting Files";
			sourceTree = "<group>";
		};
		16067E98762A8B5DB4FEBD0F /* Frameworks */ = {
			isa = PBXGroup;
			children = (
				2EEEC7981AA93CF300391486 /* MessageUI.framework */,
				E62ADB5018418278F1D7F35F /* libPods-TicText.a */,
				69277B8B304B0700036D8EE7 /* libPods-TicTextTests.a */,
			);
			name = Frameworks;
			sourceTree = "<group>";
		};
		2E402A181A96FE8D00C1C7BF /* Custom UI */ = {
			isa = PBXGroup;
			children = (
				CDB970891ADB670D0054079B /* MessagesToolbar */,
				CD9F92831AB8F530006FFE67 /* ExpirationPicker */,
				0E61D46A1AA5B08D00EF5826 /* TTInAppNotificationDesign.json */,
				2E402A151A96FE8900C1C7BF /* TTFindFriendsTableViewCell.h */,
				2E402A161A96FE8900C1C7BF /* TTFindFriendsTableViewCell.m */,
				2EDE551B1ADCDD400048FB0C /* TTContactTableViewCell.h */,
				2EDE551C1ADCDD400048FB0C /* TTContactTableViewCell.m */,
				0EA9482B1AA3CF0E00476D4E /* TTMessagesBubbleImage.h */,
				0EA9482C1AA3CF0E00476D4E /* TTMessagesBubbleImage.m */,
			);
			name = "Custom UI";
			sourceTree = "<group>";
		};
		CD1330D91AB7AA5100F59523 /* Domain */ = {
			isa = PBXGroup;
			children = (
				CD1330D71AB7AA4600F59523 /* TTExpirationDomainTests.swift */,
				CD9F92871AB91130006FFE67 /* TTExpirationUnitTests.swift */,
			);
			name = Domain;
			sourceTree = "<group>";
		};
		CD1330DC1AB7CA6700F59523 /* Custom UI */ = {
			isa = PBXGroup;
			children = (
				CD4433591AE42F0B008828FE /* MessagesToolbar */,
				CD1330DD1AB7CA7800F59523 /* TTExpirationPickerControllerTests.swift */,
			);
			name = "Custom UI";
			sourceTree = "<group>";
		};
		CD4433591AE42F0B008828FE /* MessagesToolbar */ = {
			isa = PBXGroup;
			children = (
				CD44335B1AE42F33008828FE /* TTMessagesToolbarTests.swift */,
				CD44335D1AE42F40008828FE /* TTMessagesToolbarItemTests.swift */,
				CD44335A1AE42F15008828FE /* ToolbarItems */,
			);
			name = MessagesToolbar;
			sourceTree = "<group>";
		};
		CD44335A1AE42F15008828FE /* ToolbarItems */ = {
			isa = PBXGroup;
			children = (
				CD44335F1AE42F56008828FE /* TTTextToolbarItemTests.swift */,
				CD4433611AE42F63008828FE /* TTAnonymousToolbarItemTests.swift */,
				CD4433631AE42F6F008828FE /* TTExpirationToolbarItemTests.swift */,
			);
			name = ToolbarItems;
			sourceTree = "<group>";
		};
		CD4D57BF1A96A54B002B5586 /* Service */ = {
			isa = PBXGroup;
			children = (
				0E6AFF761AB66DFF00FC69A9 /* Reachability.h */,
				0E6AFF771AB66DFF00FC69A9 /* Reachability.m */,
				CD4D57C01A96A5A6002B5586 /* TTSession.h */,
				CD4D57C11A96A5A6002B5586 /* TTSession.m */,
				CD935B661A98E9FA0017325C /* TTUtility.h */,
				CD935B671A98E9FA0017325C /* TTUtility.m */,
				0E05651E1A9DBEFB00242137 /* TTSettings.h */,
				0E05651F1A9DBEFB00242137 /* TTSettings.m */,
			);
			name = Service;
			sourceTree = "<group>";
		};
		CD4D57CA1A96B745002B5586 /* Models */ = {
			isa = PBXGroup;
			children = (
				0EACA8741A99CB8800B93AAA /* TTActivity.h */,
				0EACA8751A99CB8800B93AAA /* TTActivity.m */,
				0EACA8761A99CB8800B93AAA /* TTTic.h */,
				0EACA8771A99CB8800B93AAA /* TTTic.m */,
				CD4D57C61A96B740002B5586 /* TTUser.h */,
				CD4D57C71A96B740002B5586 /* TTUser.m */,
				0E6AFF701AB4C99500FC69A9 /* TTUserPrivateData.h */,
				0E6AFF711AB4C99500FC69A9 /* TTUserPrivateData.m */,
			);
			name = Models;
			sourceTree = "<group>";
		};
		CD4D57CD1A96B936002B5586 /* Models */ = {
			isa = PBXGroup;
			children = (
				CD4D57CB1A96B929002B5586 /* TTUserTests.m */,
				0E6AFF791AB7F18A00FC69A9 /* TTTicTests.m */,
				0E6AFF7B1AB7FAAC00FC69A9 /* TTActivityTests.m */,
			);
			name = Models;
			sourceTree = "<group>";
		};
		CD4D57CE1A96B93B002B5586 /* Service */ = {
			isa = PBXGroup;
			children = (
				CD4D57C41A96AED2002B5586 /* TTSessionTests.m */,
				CD935B691A98EA9A0017325C /* TTUtilityTests.m */,
			);
			name = Service;
			sourceTree = "<group>";
		};
		CD4D57D01A96C956002B5586 /* Helpers */ = {
			isa = PBXGroup;
			children = (
				CD4D57D11A96C97D002B5586 /* TTTestHelper.h */,
				CD4D57D21A96C97D002B5586 /* TTTestHelper.m */,
			);
			name = Helpers;
			sourceTree = "<group>";
		};
		CD4D57D41A96E728002B5586 /* Domain */ = {
			isa = PBXGroup;
			children = (
				0E68055D1A846A0000C013D2 /* TTConstants.h */,
				0E68055E1A85306F00C013D2 /* TTConstants.m */,
				CD47483E1AB770DA00A4B8F6 /* TTExpirationDomain.h */,
				CD47483F1AB770DA00A4B8F6 /* TTExpirationDomain.m */,
				CDB970821ADB572D0054079B /* UIView+Screenshot.h */,
				CDB970831ADB572D0054079B /* UIView+Screenshot.m */,
			);
			name = Domain;
			sourceTree = "<group>";
		};
		CD935B6B1A98ED5E0017325C /* Controllers */ = {
			isa = PBXGroup;
			children = (
				CD935B6C1A98ED6F0017325C /* TTRootViewControllerTests.m */,
				2ED84A9B1A9D630B008C0EA5 /* TTFindFriendsViewControllerTests.m */,
				0E61D46F1AAC48C800EF5826 /* TTMessagesViewControllerTests.m */,
			);
			name = Controllers;
			sourceTree = "<group>";
		};
		CD9F92831AB8F530006FFE67 /* ExpirationPicker */ = {
			isa = PBXGroup;
			children = (
				CD2CD4FD1AB634D300CFC89F /* TTExpirationPickerController.h */,
				CD2CD4FE1AB634D300CFC89F /* TTExpirationPickerController.m */,
				CD9F92841AB8F552006FFE67 /* TTExpirationPickerCell.h */,
				CD9F92851AB8F552006FFE67 /* TTExpirationPickerCell.m */,
			);
			name = ExpirationPicker;
			sourceTree = "<group>";
		};
		CDB970891ADB670D0054079B /* MessagesToolbar */ = {
			isa = PBXGroup;
			children = (
				CDB970861ADB60A80054079B /* TTMessagesToolbar.h */,
				CDB970871ADB60A80054079B /* TTMessagesToolbar.m */,
				CDB9708A1ADB6FFB0054079B /* TTMessagesToolbarItem.h */,
				CDB9708B1ADB6FFB0054079B /* TTMessagesToolbarItem.m */,
				CD4433651AE434B4008828FE /* InstalledToolbarItems.plist */,
				CDB9708D1ADB780C0054079B /* ToolbarItems */,
			);
			name = MessagesToolbar;
			sourceTree = "<group>";
		};
		CDB9708D1ADB780C0054079B /* ToolbarItems */ = {
			isa = PBXGroup;
			children = (
				CDB9708E1ADB78840054079B /* TTTextToolbarItem.h */,
				CDB9708F1ADB78840054079B /* TTTextToolbarItem.m */,
				CD8C0AB81ADCA0F400EA9874 /* TTAnonymousToolbarItem.h */,
				CD8C0AB91ADCA0F400EA9874 /* TTAnonymousToolbarItem.m */,
				CD8C0ABB1ADCA12800EA9874 /* TTExpirationToolbarItem.h */,
				CD8C0ABC1ADCA12800EA9874 /* TTExpirationToolbarItem.m */,
			);
			name = ToolbarItems;
			sourceTree = "<group>";
		};
		EF6A02DA18A27C3A07C3888B /* Pods */ = {
			isa = PBXGroup;
			children = (
				62D5B3A2D5FD007BC1313C3B /* Pods-TicText.debug.xcconfig */,
				53758F76DA4076374F5E76FF /* Pods-TicText.release.xcconfig */,
				579798160077DEF631AAECA1 /* Pods-TicTextTests.debug.xcconfig */,
				65E0D8574E683EDF0172C6F3 /* Pods-TicTextTests.release.xcconfig */,
			);
			name = Pods;
			sourceTree = "<group>";
		};
/* End PBXGroup section */

/* Begin PBXNativeTarget section */
		0EC584E11A7864AA00025D71 /* TicText */ = {
			isa = PBXNativeTarget;
			buildConfigurationList = 0EC585051A7864AA00025D71 /* Build configuration list for PBXNativeTarget "TicText" */;
			buildPhases = (
				FEC199E4B970B0FF27278C1A /* Check Pods Manifest.lock */,
				0EC584DE1A7864AA00025D71 /* Sources */,
				0EC584DF1A7864AA00025D71 /* Frameworks */,
				0EC584E01A7864AA00025D71 /* Resources */,
				0BE1C0C556EAFD972D25C106 /* Copy Pods Resources */,
			);
			buildRules = (
			);
			dependencies = (
			);
			name = TicText;
			productName = TicText;
			productReference = 0EC584E21A7864AA00025D71 /* TicText.app */;
			productType = "com.apple.product-type.application";
		};
		0EC584FA1A7864AA00025D71 /* TicTextTests */ = {
			isa = PBXNativeTarget;
			buildConfigurationList = 0EC585081A7864AA00025D71 /* Build configuration list for PBXNativeTarget "TicTextTests" */;
			buildPhases = (
				67956F552BE21DDDABE392B0 /* Check Pods Manifest.lock */,
				0EC584F71A7864AA00025D71 /* Sources */,
				0EC584F81A7864AA00025D71 /* Frameworks */,
				0EC584F91A7864AA00025D71 /* Resources */,
				62D5F7997B27BA02E0C7D16A /* Copy Pods Resources */,
			);
			buildRules = (
			);
			dependencies = (
				0EC584FD1A7864AA00025D71 /* PBXTargetDependency */,
			);
			name = TicTextTests;
			productName = TicTextTests;
			productReference = 0EC584FB1A7864AA00025D71 /* TicTextTests.xctest */;
			productType = "com.apple.product-type.bundle.unit-test";
		};
/* End PBXNativeTarget section */

/* Begin PBXProject section */
		0EC584DA1A7864AA00025D71 /* Project object */ = {
			isa = PBXProject;
			attributes = {
				LastUpgradeCheck = 0610;
				ORGANIZATIONNAME = "Kevin Yufei Chen";
				TargetAttributes = {
					0EC584E11A7864AA00025D71 = {
						CreatedOnToolsVersion = 6.1.1;
						DevelopmentTeam = 35RV9RPQY7;
					};
					0EC584FA1A7864AA00025D71 = {
						CreatedOnToolsVersion = 6.1.1;
						DevelopmentTeam = 35RV9RPQY7;
						TestTargetID = 0EC584E11A7864AA00025D71;
					};
				};
			};
			buildConfigurationList = 0EC584DD1A7864AA00025D71 /* Build configuration list for PBXProject "TicText" */;
			compatibilityVersion = "Xcode 3.2";
			developmentRegion = English;
			hasScannedForEncodings = 0;
			knownRegions = (
				en,
				Base,
			);
			mainGroup = 0EC584D91A7864AA00025D71;
			productRefGroup = 0EC584E31A7864AA00025D71 /* Products */;
			projectDirPath = "";
			projectRoot = "";
			targets = (
				0EC584E11A7864AA00025D71 /* TicText */,
				0EC584FA1A7864AA00025D71 /* TicTextTests */,
			);
		};
/* End PBXProject section */

/* Begin PBXResourcesBuildPhase section */
		0EC584E01A7864AA00025D71 /* Resources */ = {
			isa = PBXResourcesBuildPhase;
			buildActionMask = 2147483647;
			files = (
				0EC584F61A7864AA00025D71 /* LaunchScreen.xib in Resources */,
				0EC584F31A7864AA00025D71 /* Images.xcassets in Resources */,
				CD4433661AE434B4008828FE /* InstalledToolbarItems.plist in Resources */,
				0E61D46B1AA5B08D00EF5826 /* TTInAppNotificationDesign.json in Resources */,
				CD4D57D61A96E9EE002B5586 /* TTLogInViewController.xib in Resources */,
			);
			runOnlyForDeploymentPostprocessing = 0;
		};
		0EC584F91A7864AA00025D71 /* Resources */ = {
			isa = PBXResourcesBuildPhase;
			buildActionMask = 2147483647;
			files = (
			);
			runOnlyForDeploymentPostprocessing = 0;
		};
/* End PBXResourcesBuildPhase section */

/* Begin PBXShellScriptBuildPhase section */
		0BE1C0C556EAFD972D25C106 /* Copy Pods Resources */ = {
			isa = PBXShellScriptBuildPhase;
			buildActionMask = 2147483647;
			files = (
			);
			inputPaths = (
			);
			name = "Copy Pods Resources";
			outputPaths = (
			);
			runOnlyForDeploymentPostprocessing = 0;
			shellPath = /bin/sh;
			shellScript = "\"${SRCROOT}/Pods/Target Support Files/Pods-TicText/Pods-TicText-resources.sh\"\n";
			showEnvVarsInLog = 0;
		};
		62D5F7997B27BA02E0C7D16A /* Copy Pods Resources */ = {
			isa = PBXShellScriptBuildPhase;
			buildActionMask = 2147483647;
			files = (
			);
			inputPaths = (
			);
			name = "Copy Pods Resources";
			outputPaths = (
			);
			runOnlyForDeploymentPostprocessing = 0;
			shellPath = /bin/sh;
			shellScript = "\"${SRCROOT}/Pods/Target Support Files/Pods-TicTextTests/Pods-TicTextTests-resources.sh\"\n";
			showEnvVarsInLog = 0;
		};
		67956F552BE21DDDABE392B0 /* Check Pods Manifest.lock */ = {
			isa = PBXShellScriptBuildPhase;
			buildActionMask = 2147483647;
			files = (
			);
			inputPaths = (
			);
			name = "Check Pods Manifest.lock";
			outputPaths = (
			);
			runOnlyForDeploymentPostprocessing = 0;
			shellPath = /bin/sh;
			shellScript = "diff \"${PODS_ROOT}/../Podfile.lock\" \"${PODS_ROOT}/Manifest.lock\" > /dev/null\nif [[ $? != 0 ]] ; then\n    cat << EOM\nerror: The sandbox is not in sync with the Podfile.lock. Run 'pod install' or update your CocoaPods installation.\nEOM\n    exit 1\nfi\n";
			showEnvVarsInLog = 0;
		};
		FEC199E4B970B0FF27278C1A /* Check Pods Manifest.lock */ = {
			isa = PBXShellScriptBuildPhase;
			buildActionMask = 2147483647;
			files = (
			);
			inputPaths = (
			);
			name = "Check Pods Manifest.lock";
			outputPaths = (
			);
			runOnlyForDeploymentPostprocessing = 0;
			shellPath = /bin/sh;
			shellScript = "diff \"${PODS_ROOT}/../Podfile.lock\" \"${PODS_ROOT}/Manifest.lock\" > /dev/null\nif [[ $? != 0 ]] ; then\n    cat << EOM\nerror: The sandbox is not in sync with the Podfile.lock. Run 'pod install' or update your CocoaPods installation.\nEOM\n    exit 1\nfi\n";
			showEnvVarsInLog = 0;
		};
/* End PBXShellScriptBuildPhase section */

/* Begin PBXSourcesBuildPhase section */
		0EC584DE1A7864AA00025D71 /* Sources */ = {
			isa = PBXSourcesBuildPhase;
			buildActionMask = 2147483647;
			files = (
				0E68055F1A85306F00C013D2 /* TTConstants.m in Sources */,
				CDB970881ADB60A80054079B /* TTMessagesToolbar.m in Sources */,
				CD2CD4FF1AB634D300CFC89F /* TTExpirationPickerController.m in Sources */,
				0EA9482D1AA3CF0E00476D4E /* TTMessagesBubbleImage.m in Sources */,
				0EACA8731A97CE0D00B93AAA /* TTSettingsViewController.m in Sources */,
				0EACA8701A97CDEE00B93AAA /* TTProfileViewController.m in Sources */,
				0EACA86D1A97CDDD00B93AAA /* TTContactsViewController.m in Sources */,
				0E00AA331A91AF2F00EE246D /* TTFindFriendsViewController.m in Sources */,
				0EACA86A1A97CDC100B93AAA /* TTConversationsViewController.m in Sources */,
				CD8C0ABA1ADCA0F400EA9874 /* TTAnonymousToolbarItem.m in Sources */,
				CDB970901ADB78840054079B /* TTTextToolbarItem.m in Sources */,
				CD4D57C81A96B740002B5586 /* TTUser.m in Sources */,
				CD4D57C21A96A5A6002B5586 /* TTSession.m in Sources */,
				0E0F657E1A8C0645003CB363 /* TTRootViewController.m in Sources */,
				CDB9708C1ADB6FFB0054079B /* TTMessagesToolbarItem.m in Sources */,
				CD8C0ABD1ADCA12800EA9874 /* TTExpirationToolbarItem.m in Sources */,
				0E6AFF781AB66DFF00FC69A9 /* Reachability.m in Sources */,
				CD9F92861AB8F552006FFE67 /* TTExpirationPickerCell.m in Sources */,
				2EDE551D1ADCDD400048FB0C /* TTContactTableViewCell.m in Sources */,
				CD935B681A98E9FA0017325C /* TTUtility.m in Sources */,
				0E0565231A9DEAD500242137 /* TTMessagesViewController.m in Sources */,
				0EACA8791A99CB8800B93AAA /* TTTic.m in Sources */,
				0E00AA301A919B6D00EE246D /* TTLogInViewController.m in Sources */,
				0EC584EB1A7864AA00025D71 /* AppDelegate.m in Sources */,
				2E402A171A96FE8900C1C7BF /* TTFindFriendsTableViewCell.m in Sources */,
				0E6AFF721AB4C99500FC69A9 /* TTUserPrivateData.m in Sources */,
				0E0565201A9DBEFB00242137 /* TTSettings.m in Sources */,
				0EACA8781A99CB8800B93AAA /* TTActivity.m in Sources */,
				CD4748401AB770DA00A4B8F6 /* TTExpirationDomain.m in Sources */,
				0EC584E81A7864AA00025D71 /* main.m in Sources */,
				CDB970841ADB572D0054079B /* UIView+Screenshot.m in Sources */,
			);
			runOnlyForDeploymentPostprocessing = 0;
		};
		0EC584F71A7864AA00025D71 /* Sources */ = {
			isa = PBXSourcesBuildPhase;
			buildActionMask = 2147483647;
			files = (
				CD44335E1AE42F40008828FE /* TTMessagesToolbarItemTests.swift in Sources */,
				CD1330DE1AB7CA7800F59523 /* TTExpirationPickerControllerTests.swift in Sources */,
				CD4433641AE42F6F008828FE /* TTExpirationToolbarItemTests.swift in Sources */,
				CD935B6A1A98EA9A0017325C /* TTUtilityTests.m in Sources */,
				CD935B6D1A98ED6F0017325C /* TTRootViewControllerTests.m in Sources */,
				0E6AFF7A1AB7F18A00FC69A9 /* TTTicTests.m in Sources */,
				CD4D57CC1A96B929002B5586 /* TTUserTests.m in Sources */,
				CD4433621AE42F63008828FE /* TTAnonymousToolbarItemTests.swift in Sources */,
				CD4D57C51A96AED2002B5586 /* TTSessionTests.m in Sources */,
				CD44335C1AE42F33008828FE /* TTMessagesToolbarTests.swift in Sources */,
				0E6AFF7C1AB7FAAC00FC69A9 /* TTActivityTests.m in Sources */,
				CD4433601AE42F56008828FE /* TTTextToolbarItemTests.swift in Sources */,
				0E61D4701AAC48C800EF5826 /* TTMessagesViewControllerTests.m in Sources */,
				CD9F92881AB91130006FFE67 /* TTExpirationUnitTests.swift in Sources */,
				2ED84A9C1A9D630B008C0EA5 /* TTFindFriendsViewControllerTests.m in Sources */,
				CD1330D81AB7AA4600F59523 /* TTExpirationDomainTests.swift in Sources */,
				CD4D57D31A96C97D002B5586 /* TTTestHelper.m in Sources */,
			);
			runOnlyForDeploymentPostprocessing = 0;
		};
/* End PBXSourcesBuildPhase section */

/* Begin PBXTargetDependency section */
		0EC584FD1A7864AA00025D71 /* PBXTargetDependency */ = {
			isa = PBXTargetDependency;
			target = 0EC584E11A7864AA00025D71 /* TicText */;
			targetProxy = 0EC584FC1A7864AA00025D71 /* PBXContainerItemProxy */;
		};
/* End PBXTargetDependency section */

/* Begin PBXVariantGroup section */
		0EC584F41A7864AA00025D71 /* LaunchScreen.xib */ = {
			isa = PBXVariantGroup;
			children = (
				0EC584F51A7864AA00025D71 /* Base */,
			);
			name = LaunchScreen.xib;
			sourceTree = "<group>";
		};
/* End PBXVariantGroup section */

/* Begin XCBuildConfiguration section */
		0EC585031A7864AA00025D71 /* Debug */ = {
			isa = XCBuildConfiguration;
			buildSettings = {
				ALWAYS_SEARCH_USER_PATHS = NO;
				CLANG_CXX_LANGUAGE_STANDARD = "gnu++0x";
				CLANG_CXX_LIBRARY = "libc++";
				CLANG_ENABLE_MODULES = YES;
				CLANG_ENABLE_OBJC_ARC = YES;
				CLANG_WARN_BOOL_CONVERSION = YES;
				CLANG_WARN_CONSTANT_CONVERSION = YES;
				CLANG_WARN_DIRECT_OBJC_ISA_USAGE = YES_ERROR;
				CLANG_WARN_EMPTY_BODY = YES;
				CLANG_WARN_ENUM_CONVERSION = YES;
				CLANG_WARN_INT_CONVERSION = YES;
				CLANG_WARN_OBJC_ROOT_CLASS = YES_ERROR;
				CLANG_WARN_UNREACHABLE_CODE = YES;
				CLANG_WARN__DUPLICATE_METHOD_MATCH = YES;
				CODE_SIGN_IDENTITY = "iPhone Developer";
				"CODE_SIGN_IDENTITY[sdk=iphoneos*]" = "iPhone Developer: Kevin Yufei Chen (L26MMJT3VJ)";
				COPY_PHASE_STRIP = NO;
				ENABLE_STRICT_OBJC_MSGSEND = YES;
				GCC_C_LANGUAGE_STANDARD = gnu99;
				GCC_DYNAMIC_NO_PIC = NO;
				GCC_OPTIMIZATION_LEVEL = 0;
				GCC_PREPROCESSOR_DEFINITIONS = (
					"DEBUG=1",
					"$(inherited)",
				);
				GCC_SYMBOLS_PRIVATE_EXTERN = NO;
				GCC_WARN_64_TO_32_BIT_CONVERSION = YES;
				GCC_WARN_ABOUT_RETURN_TYPE = YES_ERROR;
				GCC_WARN_UNDECLARED_SELECTOR = YES;
				GCC_WARN_UNINITIALIZED_AUTOS = YES_AGGRESSIVE;
				GCC_WARN_UNUSED_FUNCTION = YES;
				GCC_WARN_UNUSED_VARIABLE = YES;
				IPHONEOS_DEPLOYMENT_TARGET = 8.1;
				MTL_ENABLE_DEBUG_INFO = YES;
				ONLY_ACTIVE_ARCH = YES;
				SDKROOT = iphoneos;
			};
			name = Debug;
		};
		0EC585041A7864AA00025D71 /* Release */ = {
			isa = XCBuildConfiguration;
			buildSettings = {
				ALWAYS_SEARCH_USER_PATHS = NO;
				CLANG_CXX_LANGUAGE_STANDARD = "gnu++0x";
				CLANG_CXX_LIBRARY = "libc++";
				CLANG_ENABLE_MODULES = YES;
				CLANG_ENABLE_OBJC_ARC = YES;
				CLANG_WARN_BOOL_CONVERSION = YES;
				CLANG_WARN_CONSTANT_CONVERSION = YES;
				CLANG_WARN_DIRECT_OBJC_ISA_USAGE = YES_ERROR;
				CLANG_WARN_EMPTY_BODY = YES;
				CLANG_WARN_ENUM_CONVERSION = YES;
				CLANG_WARN_INT_CONVERSION = YES;
				CLANG_WARN_OBJC_ROOT_CLASS = YES_ERROR;
				CLANG_WARN_UNREACHABLE_CODE = YES;
				CLANG_WARN__DUPLICATE_METHOD_MATCH = YES;
				CODE_SIGN_IDENTITY = "iPhone Developer";
				"CODE_SIGN_IDENTITY[sdk=iphoneos*]" = "iPhone Developer: Kevin Yufei Chen (L26MMJT3VJ)";
				COPY_PHASE_STRIP = YES;
				ENABLE_NS_ASSERTIONS = NO;
				ENABLE_STRICT_OBJC_MSGSEND = YES;
				GCC_C_LANGUAGE_STANDARD = gnu99;
				GCC_WARN_64_TO_32_BIT_CONVERSION = YES;
				GCC_WARN_ABOUT_RETURN_TYPE = YES_ERROR;
				GCC_WARN_UNDECLARED_SELECTOR = YES;
				GCC_WARN_UNINITIALIZED_AUTOS = YES_AGGRESSIVE;
				GCC_WARN_UNUSED_FUNCTION = YES;
				GCC_WARN_UNUSED_VARIABLE = YES;
				IPHONEOS_DEPLOYMENT_TARGET = 8.1;
				MTL_ENABLE_DEBUG_INFO = NO;
				SDKROOT = iphoneos;
				VALIDATE_PRODUCT = YES;
			};
			name = Release;
		};
		0EC585061A7864AA00025D71 /* Debug */ = {
			isa = XCBuildConfiguration;
			baseConfigurationReference = 62D5B3A2D5FD007BC1313C3B /* Pods-TicText.debug.xcconfig */;
			buildSettings = {
				ASSETCATALOG_COMPILER_APPICON_NAME = AppIcon;
				ASSETCATALOG_COMPILER_LAUNCHIMAGE_NAME = LaunchImage;
				CODE_SIGN_IDENTITY = "iPhone Developer: Kevin Yufei Chen (L26MMJT3VJ)";
				"CODE_SIGN_IDENTITY[sdk=iphoneos*]" = "iPhone Developer: Kevin Yufei Chen (L26MMJT3VJ)";
				GCC_PREFIX_HEADER = "TicText/TicText-Prefix.pch";
				INFOPLIST_FILE = TicText/Info.plist;
				IPHONEOS_DEPLOYMENT_TARGET = 7.1;
				LD_RUNPATH_SEARCH_PATHS = "$(inherited) @executable_path/Frameworks";
				PRODUCT_NAME = "$(TARGET_NAME)";
				PROVISIONING_PROFILE = "";
			};
			name = Debug;
		};
		0EC585071A7864AA00025D71 /* Release */ = {
			isa = XCBuildConfiguration;
			baseConfigurationReference = 53758F76DA4076374F5E76FF /* Pods-TicText.release.xcconfig */;
			buildSettings = {
				ASSETCATALOG_COMPILER_APPICON_NAME = AppIcon;
				ASSETCATALOG_COMPILER_LAUNCHIMAGE_NAME = LaunchImage;
				CODE_SIGN_IDENTITY = "iPhone Developer: Kevin Yufei Chen (L26MMJT3VJ)";
				"CODE_SIGN_IDENTITY[sdk=iphoneos*]" = "iPhone Developer: Kevin Yufei Chen (L26MMJT3VJ)";
				GCC_PREFIX_HEADER = "TicText/TicText-Prefix.pch";
				INFOPLIST_FILE = TicText/Info.plist;
				IPHONEOS_DEPLOYMENT_TARGET = 7.1;
				LD_RUNPATH_SEARCH_PATHS = "$(inherited) @executable_path/Frameworks";
				PRODUCT_NAME = "$(TARGET_NAME)";
				PROVISIONING_PROFILE = "";
			};
			name = Release;
		};
		0EC585091A7864AA00025D71 /* Debug */ = {
			isa = XCBuildConfiguration;
			baseConfigurationReference = 579798160077DEF631AAECA1 /* Pods-TicTextTests.debug.xcconfig */;
			buildSettings = {
				BUNDLE_LOADER = "$(TEST_HOST)";
				CLANG_ENABLE_MODULES = YES;
				CODE_SIGN_IDENTITY = "iPhone Developer";
				"CODE_SIGN_IDENTITY[sdk=iphoneos*]" = "iPhone Developer";
				FRAMEWORK_SEARCH_PATHS = (
					"$(SDKROOT)/Developer/Library/Frameworks",
					"$(inherited)",
				);
				GCC_PREFIX_HEADER = "TicText/TicText-Prefix.pch";
				GCC_PREPROCESSOR_DEFINITIONS = (
					"DEBUG=1",
					"$(inherited)",
				);
				INFOPLIST_FILE = TicTextTests/Info.plist;
				LD_RUNPATH_SEARCH_PATHS = "$(inherited) @executable_path/Frameworks @loader_path/Frameworks";
				PRODUCT_NAME = "$(TARGET_NAME)";
				SWIFT_OBJC_BRIDGING_HEADER = "TicTextTests/TicTextTests-Bridging-Header.h";
				SWIFT_OPTIMIZATION_LEVEL = "-Onone";
				TEST_HOST = "$(BUILT_PRODUCTS_DIR)/TicText.app/TicText";
			};
			name = Debug;
		};
		0EC5850A1A7864AA00025D71 /* Release */ = {
			isa = XCBuildConfiguration;
			baseConfigurationReference = 65E0D8574E683EDF0172C6F3 /* Pods-TicTextTests.release.xcconfig */;
			buildSettings = {
				BUNDLE_LOADER = "$(TEST_HOST)";
				CLANG_ENABLE_MODULES = YES;
				CODE_SIGN_IDENTITY = "iPhone Developer";
				"CODE_SIGN_IDENTITY[sdk=iphoneos*]" = "iPhone Developer";
				FRAMEWORK_SEARCH_PATHS = (
					"$(SDKROOT)/Developer/Library/Frameworks",
					"$(inherited)",
				);
				GCC_PREFIX_HEADER = "TicText/TicText-Prefix.pch";
				INFOPLIST_FILE = TicTextTests/Info.plist;
				LD_RUNPATH_SEARCH_PATHS = "$(inherited) @executable_path/Frameworks @loader_path/Frameworks";
				PRODUCT_NAME = "$(TARGET_NAME)";
				SWIFT_OBJC_BRIDGING_HEADER = "TicTextTests/TicTextTests-Bridging-Header.h";
				TEST_HOST = "$(BUILT_PRODUCTS_DIR)/TicText.app/TicText";
			};
			name = Release;
		};
/* End XCBuildConfiguration section */

/* Begin XCConfigurationList section */
		0EC584DD1A7864AA00025D71 /* Build configuration list for PBXProject "TicText" */ = {
			isa = XCConfigurationList;
			buildConfigurations = (
				0EC585031A7864AA00025D71 /* Debug */,
				0EC585041A7864AA00025D71 /* Release */,
			);
			defaultConfigurationIsVisible = 0;
			defaultConfigurationName = Release;
		};
		0EC585051A7864AA00025D71 /* Build configuration list for PBXNativeTarget "TicText" */ = {
			isa = XCConfigurationList;
			buildConfigurations = (
				0EC585061A7864AA00025D71 /* Debug */,
				0EC585071A7864AA00025D71 /* Release */,
			);
			defaultConfigurationIsVisible = 0;
			defaultConfigurationName = Release;
		};
		0EC585081A7864AA00025D71 /* Build configuration list for PBXNativeTarget "TicTextTests" */ = {
			isa = XCConfigurationList;
			buildConfigurations = (
				0EC585091A7864AA00025D71 /* Debug */,
				0EC5850A1A7864AA00025D71 /* Release */,
			);
			defaultConfigurationIsVisible = 0;
			defaultConfigurationName = Release;
		};
/* End XCConfigurationList section */
	};
	rootObject = 0EC584DA1A7864AA00025D71 /* Project object */;
}
